
Microsoft Visual Studio Solution File, Format Version 12.00
# Visual Studio 15
VisualStudioVersion = 15.0.27130.2036
MinimumVisualStudioVersion = 10.0.40219.1
Project("{FAE04EC0-301F-11D3-BF4B-00C04F79EFBC}") = "MercuryClassLibrary", "MercuryClassLibrary\MercuryClassLibrary.csproj", "{88317058-1007-4221-B21F-165C63ED824A}"
EndProject
Project("{FAE04EC0-301F-11D3-BF4B-00C04F79EFBC}") = "TestMercury", "TestMercury\TestMercury.csproj", "{8A77A12E-2549-4D54-802B-F2F51575076E}"
EndProject
Project("{FAE04EC0-301F-11D3-BF4B-00C04F79EFBC}") = "UnitTestProject", "UnitTestProject\UnitTestProject.csproj", "{DB70269A-8A5C-41F3-9E45-D23793FABE11}"
EndProject
Global
	GlobalSection(SolutionConfigurationPlatforms) = preSolution
		Debug|Any CPU = Debug|Any CPU
		Release|Any CPU = Release|Any CPU
	EndGlobalSection
	GlobalSection(ProjectConfigurationPlatforms) = postSolution
		{88317058-1007-4221-B21F-165C63ED824A}.Debug|Any CPU.ActiveCfg = Debug|Any CPU
		{88317058-1007-4221-B21F-165C63ED824A}.Debug|Any CPU.Build.0 = Debug|Any CPU
		{88317058-1007-4221-B21F-165C63ED824A}.Release|Any CPU.ActiveCfg = Release|Any CPU
		{88317058-1007-4221-B21F-165C63ED824A}.Release|Any CPU.Build.0 = Release|Any CPU
		{8A77A12E-2549-4D54-802B-F2F51575076E}.Debug|Any CPU.ActiveCfg = Debug|Any CPU
		{8A77A12E-2549-4D54-802B-F2F51575076E}.Debug|Any CPU.Build.0 = Debug|Any CPU
		{8A77A12E-2549-4D54-802B-F2F51575076E}.Release|Any CPU.ActiveCfg = Release|Any CPU
		{8A77A12E-2549-4D54-802B-F2F51575076E}.Release|Any CPU.Build.0 = Release|Any CPU
		{DB70269A-8A5C-41F3-9E45-D23793FABE11}.Debug|Any CPU.ActiveCfg = Debug|Any CPU
		{DB70269A-8A5C-41F3-9E45-D23793FABE11}.Debug|Any CPU.Build.0 = Debug|Any CPU
		{DB70269A-8A5C-41F3-9E45-D23793FABE11}.Release|Any CPU.ActiveCfg = Release|Any CPU
		{DB70269A-8A5C-41F3-9E45-D23793FABE11}.Release|Any CPU.Build.0 = Release|Any CPU
	EndGlobalSection
	GlobalSection(SolutionProperties) = preSolution
		HideSolutionNode = FALSE
	EndGlobalSection
	GlobalSection(ExtensibilityGlobals) = postSolution
		SolutionGuid = {B842A037-B6E2-4CEB-8413-FE60AC5D71EF}
	EndGlobalSection
EndGlobal
